version: 1
checksums:
  55dc377b5e931bfc64e4add83e35d9ea:
    common/loading: 82b4ea7ed1439094d7c4be13aaba9a66
    common/error: 3c95bcb32c2104b99a46f5b3dd015248
    common/success: c43827becada6750f7a25890905f38b9
    common/cancel: 2e2a849c2223911717de8caa2c71bade
    common/save: f7a2929f33bc420195e59ac5a8bcd454
    common/delete: 8bcf303dd10a645b5baacb02b47d72c9
    common/edit: eee7f39ff90b18852afc1671f21fbaa9
    common/submit: 7c91ef5f747eea9f77a9c4f23e19fb2e
    common/close: 2c2e22f8424a1031de89063bd0022e16
    common/back: f541015a827e37cb3b1234e56bc2aa3c
    common/next: 89ddbcf710eba274963494f312bdc8a9
    common/previous: 25c58dd62f190368a3d2c4c97b385ea9
    common/search: 49dd6c21604b5e8d4153ff1aff2177e1
    common/filter: 626325a05e4c8800f7ede7012b0cadaf
    common/clear: d4c069de3111b7a5df96f3703f199f2f
    common/select: 5ac04c47a98deb85906bc02e0de91ab0
    common/copy: 627c00d2c850b9b45f7341a6ac01b6bb
    common/share: ab625547ab428626747e57f01d8abb06
    navigation/home: 104a3db3b671c04e167eafbe21e57881
    navigation/chat: 1171b63c16b3431dca319af1804de2a0
    navigation/about: 944521eeeed2511833d2299931273c71
    navigation/contact: 9afa39bc47019ee6dec6c74b6273967c
    navigation/privacy: 6007d5d5f6591c027b15bd49ab7a8c47
    navigation/terms: c531b88ecfe7dd2337a34f4a9ed18a5f
    sidebar/newChat: 3d7b701878aca8e2dbb7c6732f7f3bee
    sidebar/selectLanguage: d75cf5fbce8a4c7a9055e2210af74480
    sidebar/chatHistory: e236db5c24a918136546ea38e60c827e
    sidebar/settings: 8df6777277469c1fd88cc18dde2f1cc3
    sidebar/profile: d7878693f91303a438852d617f6d35df
    sidebar/logout: 07948fdf20705e04a7bf68ab197512bf
    sidebar/login: f4f219abeb5a465ecb1c7efaf50246de
    sidebar/register: 70217f3c73ff414d22893a4f13be84d6
    chat/typeMessage: 4008b1f253209d175716ab5b78014cd6
    chat/sendMessage: 19e7006870c6e407dece25ee8c9d5333
    chat/stopGeneration: 82567b916d86069621c18090e45b4022
    chat/regenerateResponse: 8ea9648938d7a09ba2c92ce5b9a024a1
    chat/copyMessage: 4de06ccf7d0ea910de03abfa965a61af
    chat/deleteMessage: 06571f704715b3b6197ce33cff89f570
    chat/editMessage: bce4e2ac7a4fb0b4d43dad6690ec5eff
    chat/messageDeleted: 264bbd0b96ac1dd9800bc925b8d61e92
    chat/messageCopied: 9fa966c9be74e5fce29433b5b6c2343c
    chat/noMessages: 4d52df5611a3e380729891390cdb2c8c
    chat/thinking: d8b5ddb86db616019d004e5cd15f7cd0
    chat/generating: e8ab3a6cc0c1945abad477b089285c5d
    chat/errorGenerating: 9ea3bc193356d59d383ff2b4829311ee
    chat/retryGeneration: 47c58733069c61a1168fbd9e4aa5ee18
    chat/attachFile: 623df1facfec33a0529e2079bc4afb41
    chat/removeAttachment: 15b1671c267e795aef45b71138c74714
    chat/fileUploaded: d626d03cb8fe0f6a5491517371fd86c2
    chat/fileUploadError: 68c2909fea0d8ae862d5b2fe75ab9db4
    chat/maxFileSizeExceeded: a72d2789eac4b7c7d4090e9eb9372ca9
    chat/unsupportedFileType: a79fabe7046a25d0250a6caa6fbfdcc8
    chat/voiceInput: 010dcebc1bbba8408473a84243c288b9
    chat/startRecording: 1120c5e5a7a2675d0e7f8cd11afe6cd3
    chat/stopRecording: a6e9fbaf4ebf2d78558608d78a79ab7b
    chat/recordingError: 05b48964f5868d5add9db4b57a0c6085
    chat/transcriptionError: e5622de8a52e327e0501e9a28c0c0331
    auth/signIn: ec7b8f314fe9bc6591006707484ede61
    auth/signOut: 06efb815f8e1f5d09e63d262ba48b4e7
    auth/signUp: 0dd2ae69be4618c1f9e615774a4509ca
    auth/email: e7f34943a0c2fb849db1839ff6ef5cb5
    auth/password: 223a61cf906ab9c40d22612c588dff48
    auth/confirmPassword: 140bae95eb2040668118c6244c4a4825
    auth/forgotPassword: 87302ecbbfead42d1abecddd442ad77b
    auth/resetPassword: 52ec990b25991808a4f49db84986eefc
    auth/createAccount: 3c3c9666b2acc1404eaa89e34e17f946
    auth/alreadyHaveAccount: 699043a787e26ec2ecad53f52df28d5b
    auth/dontHaveAccount: 613efdc05ae6d04b7136d199645c56ac
    auth/signInWithGoogle: f84b1b8574fb23734c002b401cad49e2
    auth/signInWithGithub: 4b5b7b9164178eb3ba3900435b7a33d4
    auth/signInWithTelegram: e6d3334ca3b3b87a7422c1b607dc45db
    auth/invalidCredentials: 947ab4476f2ae66925f972977043d838
    auth/accountCreated: 23f3d216377fdb8d1599bd49e596c685
    auth/passwordResetSent: d0d14d24094aa3b543a57ee506a4423f
    auth/passwordResetError: 7c8ab4a63d71c25df2bee041c807bab5
    auth/signInError: 4e72bb78099be0d7b798112e08390755
    auth/signUpError: 3768a3f40477a80a08edc57608bfe274
    auth/emailRequired: 26c1cc9143c4863de2601fa704aa81e5
    auth/passwordRequired: 19ff103c40080105aaaee40e2689e257
    auth/passwordTooShort: 4c30501d085eaccea47af34212bb26a7
    auth/passwordsDoNotMatch: 37ca1f4e0afc9a0b8e9617f767103c92
    auth/invalidEmail: b2d9f25626f2d15c7c63e0281bccc247
    profile/profile: d7878693f91303a438852d617f6d35df
    profile/personalInfo: a363a765f3481693e690afb0533e1229
    profile/firstName: cf040a5d6a9fd696be400380cc99f54b
    profile/lastName: 2c9a7de7738ca007ba9023c385149c26
    profile/username: 2ee65bc2dd2f12cf2672f95b2a054bf8
    profile/language: 277fd1a41cc237a437cd1d5e4a80463b
    profile/premium: 31f0731dcc4ad8230d0dd20303dfe53d
    profile/accountSettings: 90c84d04385b6a85b13a37a4d5357a2c
    profile/changePassword: a552fc5c4189ebc3e2e6018edda7d18f
    profile/deleteAccount: f5f7b88ff3122fb0d3a330e2b99d7e3d
    profile/exportData: 472cd4d64965fc1bbc16e6340d8a9e05
    profile/privacySettings: 8fbefcf9042bf96fda01a09a7208bab2
    profile/notificationSettings: 41ea1c4757d87aa8f9bfddc18a3c8163
    profile/profileUpdated: 69f80a17693be64d56adb8f174edbb30
    profile/profileUpdateError: 3d25d4e865fadf4b35ff91ad3f53e5a2
    profile/passwordChanged: 48867ab2d4f142197a2a566c8056648e
    profile/passwordChangeError: e8d0e2018b00225a81ee2617566bcd0b
    profile/accountDeleted: b89ba650e7bcee62707eaca730782aff
    profile/accountDeleteError: d42965a9bc9e5ec4ed57890268924643
    profile/dataExported: 788903ea4a6c6ea187d4f4e20ef76a8e
    profile/dataExportError: 2e5c67acfd9af264a5a7d4d35605542d
    sources/selectSources: 1026274297ba15e192aade8065155692
    sources/classicTexts: bdc287651604cb657cd6be976b16edea
    sources/risaleNur: cd64add57d7854e27fe6a31d23f3a042
    sources/youtubeContent: 57c5b92e5f178e79438a2c71a65d8c0a
    sources/fatwaRulings: 97f5cbea21c8b38a4383132abebbd808
    sources/allSources: e2d3982c6afecd89c022ff32112be9b1
    sources/noSourcesSelected: 0cd7cd7c107bf5115b29837de563a0e5
    sources/sourceDescription/classic: 465fcf8a93d7b19ba89651df4cd55286
    sources/sourceDescription/risale: 67b0f10d1ddaef847b67f85826429e1e
    sources/sourceDescription/youtube: cd0f3b053cffb84f832766917893341b
    sources/sourceDescription/fatwa: 0619bcc5903783a75d5db6829f09d026
    schools/selectSchool: 2436f8bbffd4f49cdbb18cb94b160958
    schools/hanafi: dabe34b528775a23c133884b9d86e4df
    schools/shafii: dbf322d1e682f77b8ea25b30fc06163c
    schools/maliki: 44c4dc0aa0bf07c10e11521558b6047b
    schools/hanbali: c81d8b167005af112c7670664586753e
    schools/schoolDescription/hanafi: 9aebbd4bef312f662354c1226115278e
    schools/schoolDescription/shafii: b51a2b3de1f591dda77b59a751f8df12
    schools/schoolDescription/maliki: 3b57bfe9ca09fad12f8c60c502237721
    schools/schoolDescription/hanbali: 0fed0cb6146491b9fd8af1abe3a57181
    schools/comingSoon: b12e79beb0aef9414a445a1b95dd4322
    suggestions/suggestedQuestions: d931a11bad6b0a7c3b44166c35f7b1dd
    suggestions/pillarsOfIslam: 6d00cbc628c30268a7e1caf75a465748
    suggestions/fiqhDifferences: 8cf68235b062dde751703008b60a7f98
    suggestions/wuduConditions: d3d6093715f7dcc1e1965687d06f25d4
    suggestions/inheritanceLaw: b0c602908381f1e80bc8674658dffb02
    suggestions/zakatRulings: df528f55a0f4a52a798f6bf9ea90d00a
    citations/citation: 6e58e78ea8074b8eabe9260b17f9feb6
    citations/source: 6e87903ef260da661b2bf6d858ba68ca
    citations/page: 6f2da0f76738dbfc35d203a825df1218
    citations/viewSource: 9de136af10e063f8894cc7364435f1ff
    citations/explainCitation: c166b2e7f7cf4e3c2fea757e1480907a
    citations/citationExplanation: 68768300a70a951c72d9601d92624c71
    citations/generatingExplanation: 8593f85dca234100a328327e0609d57a
    citations/explanationError: 1eee9dde6773436afc4f29831201850a
    citations/retryExplanation: 3f853f06fff28913da32fe35b0e80169
    citations/citationCopied: c768588de1f7fc8059fc2f8a5129318b
    citations/sourceNotAvailable: 7254922700a912f002f77e4b277817a5
    citations/pageNotSpecified: e4fe6154d262590d994e4cfe384cc438
    email/emailSetup: 8b279e782192dbbb02b600a203caadd6
    email/emailRequired: 25dc0e232073a0ab563e05ce7ba51a4b
    email/enterEmail: 9bc008365ebe3e404e241c8ca876f56e
    email/emailSaved: 7458105c932a9002850572f73daabca2
    email/emailSaveError: e7028034bf08c66dc493839f9d2e2d53
    email/emailVerification: 62627a218214dcedb5dcdebb43b19b52
    email/verificationSent: ae111fc2518496f541e562b1752e09c1
    email/verificationError: 9f74013b1d18d5e4d38f51e1d2b14f10
    email/emailVerified: 599176e747a9cf1d22852f88089e1af6
    email/emailNotVerified: 9995a733046edb616b66f9e7de5a397d
    email/resendVerification: bd0e6492ef0f3dd61eb1e2ba20f3e147
    guest/guestMode: 0c9f0812e4e6b3398bed80cdda2bcb7d
    guest/registerForMore: 06306f0918efef79c33185944cf30956
    guest/guestLimitations: 690dbe0baa4642ba3758e7c77f78c360
    guest/createAccount: 3c3c9666b2acc1404eaa89e34e17f946
    guest/continueAsGuest: 4728780da99534520c138768d3eb7b0a
    telegram/telegramAuth: 5cfa3dafbc64b3c477c337147947a98d
    telegram/connectTelegram: 9bd23c05b468f59d2674a9b378d3fb15
    telegram/telegramConnected: 968174c1077f2be127ac721e769085df
    telegram/telegramConnectionError: 147d19e17aff701ab44b7ce1e0e4beb4
    telegram/telegramDisconnected: 118f6200a18b258811826df37a4d5d31
    telegram/telegramInfo: f236b5c4160040cb3d95421278cfdf03
    telegram/telegramId: 5b869865612135085d626758b8d447a7
    telegram/telegramUsername: ffe5e6dd996cf3541e01d83a6b2ea0ec
    models/selectModel: 706e4adbbe6a3565060f6d67f14364ae
    models/modelChanged: f71f8664d1af89e2f8afc4c644cff056
    models/modelChangeError: 68f800e9bce76b34b9dbce29a54a0dff
    models/modelNotAvailable: c7d3810f57deba9e3a21704428a32680
    models/upgradeForModel: 85855156496dde7c5e1bceeeb3ca380e
    subscription/subscription: ba9f3675e18987d067d48533c8897343
    subscription/currentPlan: 7497746eb3b4897ff953b1aa8c7c9f63
    subscription/upgradePlan: bee64a612e779a8ae5df49da9555ef31
    subscription/cancelSubscription: e96e506867f44b9271bb24f18d375626
    subscription/renewSubscription: 926e019a3ac7822714e8d3798b63f9c0
    subscription/subscriptionActive: 6f4105612b1ee060fa4a44649f2a1b7a
    subscription/subscriptionExpired: 5c784fb4fff86e1983723ab6b0ab7edf
    subscription/subscriptionCancelled: 2eb8c192319922530fa89dccfd6b96eb
    subscription/paymentMethod: 959f16432a02ba1b50f53d0822be2aac
    subscription/billingHistory: 2c2802bfaca8774325efb30773ab89a1
    subscription/nextBilling: aeb6854fc4b5f3cda2187e2d799bdd07
    subscription/subscriptionUpdated: 2f3c5d1a074c579715d759efbdff74f5
    subscription/subscriptionUpdateError: 59fc58d4996f19d2c00819313071ed6a
    errors/somethingWentWrong: a3cd2f01c073f1f5ff436d4b132d39cf
    errors/tryAgainLater: 6b4a0250ed3bae5e5badab40a5a031ce
    errors/networkError: d30e62b1a75902b208d34a26ed5b03e9
    errors/serverError: 4bb7f34b5cefc8fcfa0f530e71029f16
    errors/notFound: 58efcf2ecdcf18f0cd0253acc60eb812
    errors/unauthorized: 556fa31baa40c7b7cd008f594de36a63
    errors/forbidden: 62b574c30002806adb7f022852eac761
    errors/rateLimitExceeded: ed8d75775422114635129c16d348ef89
    errors/fileNotFound: f9a128c24fbd25d9caf64d46c69659e5
    errors/invalidRequest: 811d33cd5802d8e73b90a98b7d9ae480
    errors/sessionExpired: 11840f9a5771cd8492a1a8335c07c130
    errors/pleaseSignIn: 051e59dd3d3b0bfad95982f982fd6b9d
    success/operationSuccessful: e6dcd73052dc41dbe05d86af9887d2c4
    success/changesSaved: 90ddb63d6d26f2dba81c86a5335c3ed7
    success/dataUpdated: d2c32286a29732d769c811a9a0cdcb39
    success/settingsUpdated: dc24a87d79e378ee848a9f5533190dc8
    success/accountUpdated: 9f11fdd03eba2831a56f3f06b3453106
    about/aboutTitle: f6cebfefb66b164ebf06cdd7660e8217
    about/aboutDescription: 14b5c774004b36a2ff202ab38aa24a0e
    about/comprehensiveKnowledge: ded612e5b5a23a15528425074382b624
    about/authenticSources: 2b01a90694adefa946197b358335bfcb
    about/multilingualSupport: 206cca9ac4dc6f872af77da392954c28
    about/importantDisclaimer: 664d0a62e7a7ff81a026c77fc647b7b7
    about/disclaimerText: 77c71ff866b0a67a2874132cea263e4e
  24e16f8fb5960ce5894649518050f714:
    common/loading: 82b4ea7ed1439094d7c4be13aaba9a66
    common/error: 3c95bcb32c2104b99a46f5b3dd015248
    common/success: c43827becada6750f7a25890905f38b9
    common/cancel: 2e2a849c2223911717de8caa2c71bade
    common/save: f7a2929f33bc420195e59ac5a8bcd454
    common/delete: 8bcf303dd10a645b5baacb02b47d72c9
    common/edit: eee7f39ff90b18852afc1671f21fbaa9
    common/submit: 7c91ef5f747eea9f77a9c4f23e19fb2e
    common/close: 2c2e22f8424a1031de89063bd0022e16
    common/back: f541015a827e37cb3b1234e56bc2aa3c
    common/next: 89ddbcf710eba274963494f312bdc8a9
    common/previous: 25c58dd62f190368a3d2c4c97b385ea9
    common/search: 49dd6c21604b5e8d4153ff1aff2177e1
    common/filter: 626325a05e4c8800f7ede7012b0cadaf
    common/clear: d4c069de3111b7a5df96f3703f199f2f
    common/select: 5ac04c47a98deb85906bc02e0de91ab0
    common/copy: 627c00d2c850b9b45f7341a6ac01b6bb
    common/share: ab625547ab428626747e57f01d8abb06
    navigation/home: 104a3db3b671c04e167eafbe21e57881
    navigation/chat: 1171b63c16b3431dca319af1804de2a0
    navigation/about: 944521eeeed2511833d2299931273c71
    navigation/contact: 9afa39bc47019ee6dec6c74b6273967c
    navigation/privacy: 6007d5d5f6591c027b15bd49ab7a8c47
    navigation/terms: c531b88ecfe7dd2337a34f4a9ed18a5f
    sidebar/newChat: 3d7b701878aca8e2dbb7c6732f7f3bee
    sidebar/selectLanguage: d75cf5fbce8a4c7a9055e2210af74480
    sidebar/chatHistory: e236db5c24a918136546ea38e60c827e
    sidebar/settings: 8df6777277469c1fd88cc18dde2f1cc3
    sidebar/profile: d7878693f91303a438852d617f6d35df
    sidebar/logout: 07948fdf20705e04a7bf68ab197512bf
    sidebar/login: f4f219abeb5a465ecb1c7efaf50246de
    sidebar/register: 70217f3c73ff414d22893a4f13be84d6
    sidebar/userAvatar: 822d49fc87e60859da3824d26f7d1ae1
    sidebar/premiumUser: 2b2b83fe39557e2f1d092a285d3c6aa5
    sidebar/toggleDarkMode: 553c8d36aa96d26e329d7c57417109dc
    sidebar/toggleLightMode: f9c3f1e72274ae7244c17b6dec2ae702
    sidebar/loginToYourAccount: aa2074a1281d5fd4857ef493aae5c8a6
    sidebar/signOut: 6d842546a84e919c519bf8cbffdf25a0
    sidebar/checkingAuthStatus: 8881761fb2127446fbc9e5f6989145a1
    sidebar/profileImage: d7878693f91303a438852d617f6d35df
    sidebar/user: 61073457a5c3901084b557d065f876be
    chat/typeMessage: 4008b1f253209d175716ab5b78014cd6
    chat/sendMessage: 19e7006870c6e407dece25ee8c9d5333
    chat/stopGeneration: 82567b916d86069621c18090e45b4022
    chat/regenerateResponse: 8ea9648938d7a09ba2c92ce5b9a024a1
    chat/copyMessage: 4de06ccf7d0ea910de03abfa965a61af
    chat/deleteMessage: 06571f704715b3b6197ce33cff89f570
    chat/editMessage: bce4e2ac7a4fb0b4d43dad6690ec5eff
    chat/messageDeleted: 264bbd0b96ac1dd9800bc925b8d61e92
    chat/messageCopied: 9fa966c9be74e5fce29433b5b6c2343c
    chat/noMessages: 4d52df5611a3e380729891390cdb2c8c
    chat/thinking: d8b5ddb86db616019d004e5cd15f7cd0
    chat/generating: d55ce9138ed4a7d033bd9030425bf850
    chat/errorGenerating: 9ea3bc193356d59d383ff2b4829311ee
    chat/retryGeneration: 47c58733069c61a1168fbd9e4aa5ee18
    chat/attachFile: 623df1facfec33a0529e2079bc4afb41
    chat/removeAttachment: 15b1671c267e795aef45b71138c74714
    chat/fileUploaded: d626d03cb8fe0f6a5491517371fd86c2
    chat/fileUploadError: 68c2909fea0d8ae862d5b2fe75ab9db4
    chat/maxFileSizeExceeded: a72d2789eac4b7c7d4090e9eb9372ca9
    chat/unsupportedFileType: a79fabe7046a25d0250a6caa6fbfdcc8
    chat/voiceInput: 010dcebc1bbba8408473a84243c288b9
    chat/startRecording: 1120c5e5a7a2675d0e7f8cd11afe6cd3
    chat/stopRecording: a6e9fbaf4ebf2d78558608d78a79ab7b
    chat/recordingError: 05b48964f5868d5add9db4b57a0c6085
    chat/transcriptionError: e5622de8a52e327e0501e9a28c0c0331
    chat/failedToUploadFile: c074446bc7982424421c4201571ac92e
    chat/creatingCopyOfConversation: c449ce37b4461eb3a1b3fd892d692f79
    chat/failedToCreateCopy: ed13764146169116bb8ff86a86178434
    chat/failedToUploadFiles: 5476bfae7abcb6dfdcae1ea40332ab83
    chat/creatingYourCopy: 5133d581b032ea9fa9e3579ef20cd3b4
    chat/processingMessage: ef02315b7f0b382c5e86a0bd3f74113c
    chat/generatingResponse: e8ab3a6cc0c1945abad477b089285c5d
    chat/askFollowUp: 132a87044ba1ca329977d964f65527b6
    chat/sendAMessage: 67fcc0c84b4cab6c8be967eebe837726
    chat/newChat: 3d7b701878aca8e2dbb7c6732f7f3bee
    chat/preparing: 0907eed6a26b743963f5cb0ddeb214ac
    chat/share: ab625547ab428626747e57f01d8abb06
    chat/linkCopied: 8319681b4dab3d55ab704eedf90e2695
    chat/chatSharedSuccessfully: 281e9f9be90890ee67d938f03558601a
    chat/shareWasCancelled: b74e8d4ecdec42e4b41702d6490a86a0
    chat/chatLinkCopied: a73da896f8b9e3938c33ae5a57f61e7b
    chat/failedToCopyLink: 4e891c757c80e770674e8e74d1c08487
    chat/checkOutInterestingConversation: 8508abf81bc5f5db7369f7fbae2b7c5b
    chat/checkOutInterestingChat: f9f36dbc6dc81868a756a82c8a0a1ba6
    chat/alwaysBetterToAskImam: 6025c28f3590d675483c122f651fc2ba
    chat/findNearMosque: 451ec89b97031acbb56a2465c8c28718
    chat/makeChatPublicToShare: bf7b22c2c6de57357ea4b7dff9883af2
    chat/chatIsPrivateDescription: cc584f08e438cbce4d524b26bb8cbfd4
    chat/makePublicAndShare: 332151f2bc584dc214472985e85b153e
    chat/makingPublic: 231b09e09e7c31c22888581fb20fd362
    chat/imageAttachment: 38c5472ae64e25d3fc8175a8463d79d4
    chat/close: 2c2e22f8424a1031de89063bd0022e16
    chat/imagePreview: 0b42878c56138ea7d1109af8d7f9e3f4
    chat/fullPreview: 19c9e0b0b826dbd40c2e47896ae52a26
    chat/typeMessageHere: 592c39355ee2ce96113655e58b1e65c9
    chat/transcribing: 6296ac33a8ec57f8623b442de11eaa29
    chat/attachFiles: d22b2c793ccd28540680439bc02e1156
    chat/transcribingAudio: a7dff95390c7c9697c3fccff13cd09de
    chat/startVoiceInput: 810e36f6342182c5590c8cf018c6332b
    chat/stop: 4c4b4d44708ba05fe8726cbc80122228
    chat/speak: 96470376be18fe1214111b3b7ae9d1bc
    chat/transcriptionFailed: 753e8fa69ad86646802f97152301145b
    chat/recordingStarted: 8e318794064c87a8a8e146d638fcd302
    chat/recordingStopped: 2c4095a8f42c0c76bfd7b07cb91230b5
    auth/signIn: ec7b8f314fe9bc6591006707484ede61
    auth/signOut: 06efb815f8e1f5d09e63d262ba48b4e7
    auth/signUp: 0dd2ae69be4618c1f9e615774a4509ca
    auth/email: e7f34943a0c2fb849db1839ff6ef5cb5
    auth/password: 223a61cf906ab9c40d22612c588dff48
    auth/confirmPassword: 140bae95eb2040668118c6244c4a4825
    auth/forgotPassword: 87302ecbbfead42d1abecddd442ad77b
    auth/resetPassword: 52ec990b25991808a4f49db84986eefc
    auth/createAccount: 3c3c9666b2acc1404eaa89e34e17f946
    auth/alreadyHaveAccount: 699043a787e26ec2ecad53f52df28d5b
    auth/dontHaveAccount: 613efdc05ae6d04b7136d199645c56ac
    auth/signInWithGoogle: f84b1b8574fb23734c002b401cad49e2
    auth/signInWithGithub: 4b5b7b9164178eb3ba3900435b7a33d4
    auth/signInWithTelegram: e6d3334ca3b3b87a7422c1b607dc45db
    auth/invalidCredentials: 947ab4476f2ae66925f972977043d838
    auth/accountCreated: 23f3d216377fdb8d1599bd49e596c685
    auth/passwordResetSent: d0d14d24094aa3b543a57ee506a4423f
    auth/passwordResetError: 7c8ab4a63d71c25df2bee041c807bab5
    auth/signInError: 4e72bb78099be0d7b798112e08390755
    auth/signUpError: 3768a3f40477a80a08edc57608bfe274
    auth/emailRequired: 26c1cc9143c4863de2601fa704aa81e5
    auth/passwordRequired: 19ff103c40080105aaaee40e2689e257
    auth/passwordTooShort: 4c30501d085eaccea47af34212bb26a7
    auth/passwordsDoNotMatch: 37ca1f4e0afc9a0b8e9617f767103c92
    auth/invalidEmail: b2d9f25626f2d15c7c63e0281bccc247
    auth/emailAddress: 0ee22bbbe989a0c61a18023407d12dc2
    auth/emailPlaceholder: 4dac9987bea4424aef3661b96861a9a6
    profile/profile: d7878693f91303a438852d617f6d35df
    profile/personalInfo: a363a765f3481693e690afb0533e1229
    profile/firstName: cf040a5d6a9fd696be400380cc99f54b
    profile/lastName: 2c9a7de7738ca007ba9023c385149c26
    profile/username: 2ee65bc2dd2f12cf2672f95b2a054bf8
    profile/language: 277fd1a41cc237a437cd1d5e4a80463b
    profile/premium: 31f0731dcc4ad8230d0dd20303dfe53d
    profile/accountSettings: 90c84d04385b6a85b13a37a4d5357a2c
    profile/changePassword: a552fc5c4189ebc3e2e6018edda7d18f
    profile/deleteAccount: f5f7b88ff3122fb0d3a330e2b99d7e3d
    profile/exportData: 472cd4d64965fc1bbc16e6340d8a9e05
    profile/privacySettings: 8fbefcf9042bf96fda01a09a7208bab2
    profile/notificationSettings: 41ea1c4757d87aa8f9bfddc18a3c8163
    profile/profileUpdated: 69f80a17693be64d56adb8f174edbb30
    profile/profileUpdateError: 3d25d4e865fadf4b35ff91ad3f53e5a2
    profile/passwordChanged: 48867ab2d4f142197a2a566c8056648e
    profile/passwordChangeError: e8d0e2018b00225a81ee2617566bcd0b
    profile/accountDeleted: b89ba650e7bcee62707eaca730782aff
    profile/accountDeleteError: d42965a9bc9e5ec4ed57890268924643
    profile/dataExported: 788903ea4a6c6ea187d4f4e20ef76a8e
    profile/dataExportError: 2e5c67acfd9af264a5a7d4d35605542d
    sources/selectSources: 1026274297ba15e192aade8065155692
    sources/classicTexts: bdc287651604cb657cd6be976b16edea
    sources/risaleNur: cd64add57d7854e27fe6a31d23f3a042
    sources/youtubeContent: 57c5b92e5f178e79438a2c71a65d8c0a
    sources/fatwaRulings: 97f5cbea21c8b38a4383132abebbd808
    sources/allSources: e2d3982c6afecd89c022ff32112be9b1
    sources/noSourcesSelected: 0cd7cd7c107bf5115b29837de563a0e5
    sources/sourceDescription/classic: 465fcf8a93d7b19ba89651df4cd55286
    sources/sourceDescription/risale: 67b0f10d1ddaef847b67f85826429e1e
    sources/sourceDescription/youtube: cd0f3b053cffb84f832766917893341b
    sources/sourceDescription/fatwa: 0619bcc5903783a75d5db6829f09d026
    sources/searchSources: 6ceb35dc39d5f0cf1b639c56e8790c99
    sources/selectAllSources: 4574545a58306b5fc8ff51d2d980fede
    sources/noSources: a958fc7a482078ea431dc0b786f201a7
    sources/sources: ecbbe6e49baa335c5afd7b04b609d006
    sources/classicalBooks: f2d24fca5a1f59056d0f92f9efb133a3
    sources/classicalBooksDescription: 465fcf8a93d7b19ba89651df4cd55286
    sources/tafsirs: 02915653ecb6ea0dcb5f25ba2ff461fc
    sources/tafsirsDescription: 168913862390cb5bfdb8c210925e6f59
    sources/fatwaWebsites: 6180e24604ec58a80296680db99600c7
    sources/fatwaWebsitesDescription: 242e74d06c96022ec9bd9936f9ec471a
    sources/youtubeVideos: d4dd02316eddfa8ae7a766aeafa041c7
    sources/youtubeVideosDescription: a185a5a08ad5d5e37eeb04e3ac364072
    schools/selectSchool: 2436f8bbffd4f49cdbb18cb94b160958
    schools/islamicSchool: 2f52cd2148fba72d2ebf5eb29e41e359
    schools/school: f5c85b113c6a2048ded2a24ae118f93c
    schools/schools: 3a5a489d2f7afb40094b76f1c8905efd
    schools/hanafi: dabe34b528775a23c133884b9d86e4df
    schools/shafii: dbf322d1e682f77b8ea25b30fc06163c
    schools/maliki: 44c4dc0aa0bf07c10e11521558b6047b
    schools/hanbali: c81d8b167005af112c7670664586753e
    schools/schoolDescription/hanafi: 9aebbd4bef312f662354c1226115278e
    schools/schoolDescription/shafii: b51a2b3de1f591dda77b59a751f8df12
    schools/schoolDescription/maliki: 3b57bfe9ca09fad12f8c60c502237721
    schools/schoolDescription/hanbali: 0fed0cb6146491b9fd8af1abe3a57181
    schools/comingSoon: b12e79beb0aef9414a445a1b95dd4322
    suggestions/suggestedQuestions: d931a11bad6b0a7c3b44166c35f7b1dd
    suggestions/pillarsOfIslam: 6d00cbc628c30268a7e1caf75a465748
    suggestions/fiqhDifferences: 8cf68235b062dde751703008b60a7f98
    suggestions/wuduConditions: d3d6093715f7dcc1e1965687d06f25d4
    suggestions/inheritanceLaw: b0c602908381f1e80bc8674658dffb02
    suggestions/zakatRulings: df528f55a0f4a52a798f6bf9ea90d00a
    citations/citation: 6e58e78ea8074b8eabe9260b17f9feb6
    citations/source: 6e87903ef260da661b2bf6d858ba68ca
    citations/page: 6f2da0f76738dbfc35d203a825df1218
    citations/viewSource: 9de136af10e063f8894cc7364435f1ff
    citations/explainCitation: c166b2e7f7cf4e3c2fea757e1480907a
    citations/citationExplanation: 68768300a70a951c72d9601d92624c71
    citations/generatingExplanation: 8593f85dca234100a328327e0609d57a
    citations/explanationError: 1eee9dde6773436afc4f29831201850a
    citations/retryExplanation: 3f853f06fff28913da32fe35b0e80169
    citations/citationCopied: c768588de1f7fc8059fc2f8a5129318b
    citations/sourceNotAvailable: 7254922700a912f002f77e4b277817a5
    citations/pageNotSpecified: e4fe6154d262590d994e4cfe384cc438
    email/emailSetup: 8b279e782192dbbb02b600a203caadd6
    email/emailRequired: 25dc0e232073a0ab563e05ce7ba51a4b
    email/enterEmail: 9bc008365ebe3e404e241c8ca876f56e
    email/emailSaved: 7458105c932a9002850572f73daabca2
    email/emailSaveError: e7028034bf08c66dc493839f9d2e2d53
    email/emailVerification: 62627a218214dcedb5dcdebb43b19b52
    email/verificationSent: ae111fc2518496f541e562b1752e09c1
    email/verificationError: 9f74013b1d18d5e4d38f51e1d2b14f10
    email/emailVerified: 599176e747a9cf1d22852f88089e1af6
    email/emailNotVerified: 9995a733046edb616b66f9e7de5a397d
    email/resendVerification: bd0e6492ef0f3dd61eb1e2ba20f3e147
    guest/guestMode: 0c9f0812e4e6b3398bed80cdda2bcb7d
    guest/registerForMore: 06306f0918efef79c33185944cf30956
    guest/guestLimitations: 690dbe0baa4642ba3758e7c77f78c360
    guest/createAccount: 3c3c9666b2acc1404eaa89e34e17f946
    guest/continueAsGuest: 4728780da99534520c138768d3eb7b0a
    telegram/telegramAuth: 5cfa3dafbc64b3c477c337147947a98d
    telegram/connectTelegram: 9bd23c05b468f59d2674a9b378d3fb15
    telegram/telegramConnected: 968174c1077f2be127ac721e769085df
    telegram/telegramConnectionError: 147d19e17aff701ab44b7ce1e0e4beb4
    telegram/telegramDisconnected: 118f6200a18b258811826df37a4d5d31
    telegram/telegramInfo: f236b5c4160040cb3d95421278cfdf03
    telegram/telegramId: 5b869865612135085d626758b8d447a7
    telegram/telegramUsername: ffe5e6dd996cf3541e01d83a6b2ea0ec
    models/selectModel: 706e4adbbe6a3565060f6d67f14364ae
    models/modelChanged: f71f8664d1af89e2f8afc4c644cff056
    models/modelChangeError: 68f800e9bce76b34b9dbce29a54a0dff
    models/modelNotAvailable: c7d3810f57deba9e3a21704428a32680
    models/upgradeForModel: 85855156496dde7c5e1bceeeb3ca380e
    subscription/title: ba9f3675e18987d067d48533c8897343
    subscription/description: c8ea0e5b95d30847292acf6dc840f636
    subscription/upgrade: 63c3b52882e0d779859307d672c178c2
    subscription/cancel: 2e2a849c2223911717de8caa2c71bade
    subscription/billing: b01dbdd049ebbd4a349fa64d6ce65a3b
    subscription/usage: 9ee126f9eeb9a2ecc83946e21c61eedb
    visibility/private: d740d0660e68c61db1853489356030ae
    visibility/privateDescription: 92e4d7b6d5884995255b124a69fe4662
    visibility/public: c834f11dab0881632aded3f01d4f8fa9
    visibility/publicDescription: 97cbbb7fab2365f579de7303b234c990
    messageActions/copy: 627c00d2c850b9b45f7341a6ac01b6bb
    messageActions/upvoteResponse: b00d4d2b61fa505a4436da0416c2352a
    messageActions/downvoteResponse: 57d38a0e897d67e88b380368fa94a674
    messageActions/upvotingResponse: 72cac57608e7907561db3133da78f91b
    messageActions/downvotingResponse: 5914392883db2584dc37d96c81b91950
    messageActions/upvotedResponse: 7a705d3021b0cdcac27ce8057b1ebfdc
    messageActions/downvotedResponse: bb29a5bb93e6761f1080a3272e6b2a1c
    messageActions/failedToUpvote: c7333dc16358852f82b478a53ef97453
    messageActions/failedToDownvote: 03fe50f21a18678f21528d66f4462c74
    messageActions/noTextToCopy: b70588e2078a4339368ad1fdf3367151
    messageActions/copiedToClipboard: db67e602babbabd7fd9c646ea33d4622
    chatHeader/newChat: 3d7b701878aca8e2dbb7c6732f7f3bee
    message/editMessage: bce4e2ac7a4fb0b4d43dad6690ec5eff
    message/response: c7a9d88269d8ff117abcbc0d97f88b2c
    message/sources: ecbbe6e49baa335c5afd7b04b609d006
    message/rawDebugData: b3dffc1b09aa9880ea68d27a20d3350c
    message/searchResultsCount: f84e56a45699fc966f7efd1ce88ff084
    message/rawCitations: 5b420e8b4964f0a12f18d8ff80ccf51d
    message/total: 6d37e50017f531e7f9aadd8cc2fa7f76
    message/thinkingAndSearching: fbe6d171abff918491f17f7dd59fa47c
    errors/somethingWentWrong: a3cd2f01c073f1f5ff436d4b132d39cf
    errors/tryAgainLater: 6b4a0250ed3bae5e5badab40a5a031ce
    errors/networkError: d30e62b1a75902b208d34a26ed5b03e9
    errors/serverError: 4bb7f34b5cefc8fcfa0f530e71029f16
    errors/notFound: 58efcf2ecdcf18f0cd0253acc60eb812
    errors/unauthorized: 556fa31baa40c7b7cd008f594de36a63
    errors/forbidden: 62b574c30002806adb7f022852eac761
    errors/rateLimitExceeded: ed8d75775422114635129c16d348ef89
    errors/fileNotFound: f9a128c24fbd25d9caf64d46c69659e5
    errors/invalidRequest: 811d33cd5802d8e73b90a98b7d9ae480
    errors/sessionExpired: 11840f9a5771cd8492a1a8335c07c130
    errors/pleaseSignIn: 051e59dd3d3b0bfad95982f982fd6b9d
    success/operationSuccessful: e6dcd73052dc41dbe05d86af9887d2c4
    success/changesSaved: 90ddb63d6d26f2dba81c86a5335c3ed7
    success/dataUpdated: d2c32286a29732d769c811a9a0cdcb39
    success/settingsUpdated: dc24a87d79e378ee848a9f5533190dc8
    success/accountUpdated: 9f11fdd03eba2831a56f3f06b3453106
    about/aboutTitle: f6cebfefb66b164ebf06cdd7660e8217
    about/aboutDescription: 14b5c774004b36a2ff202ab38aa24a0e
    about/comprehensiveKnowledge: ded612e5b5a23a15528425074382b624
    about/authenticSources: 2b01a90694adefa946197b358335bfcb
    about/multilingualSupport: 206cca9ac4dc6f872af77da392954c28
    about/importantDisclaimer: 664d0a62e7a7ff81a026c77fc647b7b7
    about/disclaimerText: 77c71ff866b0a67a2874132cea263e4e
    sidebarHistory/newChat: 3d7b701878aca8e2dbb7c6732f7f3bee
    sidebarHistory/loginToSave: ce0f5e2b585abbf8822f2fc0459b6095
    sidebarHistory/conversationsWillAppear: 8c3f67adc15ae72bea32a599fea94f0a
    sidebarHistory/today: 142173f9752e18e92109623a3ee68cad
    sidebarHistory/yesterday: eeb58908e68ff96c1b7e8f90e389afb7
    sidebarHistory/last7Days: 3631df3109bfecfe358ba15dcf8bd6f5
    sidebarHistory/last30Days: a738894cfc5e592052f1e16787744568
    sidebarHistory/olderThanLastMonth: cc284fa47c942e1411218cb2d5c8a926
    sidebarHistory/endOfChatHistory: 9d7a0143a9c4ed0e50fe7f9aad690b11
    sidebarHistory/loadingChats: 7e230c44c86d1c01fa2476b05aaac64d
    sidebarHistory/deletingChat: c870892e6ff408aa89bbf525fc467478
    sidebarHistory/chatDeletedSuccessfully: f5a5c49247cff9d06647eb13c1c2b681
    sidebarHistory/failedToDeleteChat: 4e85e0b5ddeed61d25ab6424608782d8
    sidebarHistory/deleteConfirmTitle: a744f9de2ee0d9d298e0733f2d53a6fc
    sidebarHistory/deleteConfirmDescription: c26cf2ef4680b1c36e9614e6ca804f2a
    sidebarHistory/cancel: 2e2a849c2223911717de8caa2c71bade
    sidebarHistory/continue: 3cfba90b4600131e82fc4260c568d044
    sidebarHistoryItem/more: ee5e035ee328a8947be2ea44e338a57d
    sidebarHistoryItem/share: ab625547ab428626747e57f01d8abb06
    sidebarHistoryItem/private: d740d0660e68c61db1853489356030ae
    sidebarHistoryItem/public: c834f11dab0881632aded3f01d4f8fa9
    sidebarHistoryItem/delete: 8bcf303dd10a645b5baacb02b47d72c9
    aboutPage/backToChat: 6c6e2f4e1fc9fe2fd0e9802552a0ffe8
    aboutPage/title: 1e13c7469d5ff5c60464666b21e41945
    aboutPage/ourMission: 62ac4697c5d5225b326286cff919fe14
    aboutPage/missionDescription: 94a6f5c89b9e36ce4bd50c7c5de7d97c
    aboutPage/whatWeOffer: 3a95cd12b6a4b956f9e6894814e5f160
    aboutPage/whatWeOfferDescription: a62138e4fde40e27ae569b6f7bb99d0b
    aboutPage/quranicVerses: 6dc0b62d203206d1078f19a0143f0dbf
    aboutPage/hadithGuidance: 469fa350c9bfffa6e96c2f4de562062f
    aboutPage/islamicJurisprudence: 575111049a7289308891715141b0c764
    aboutPage/prayerTimes: ba9cf41ddf0edc9ea378d8de50bbf381
    aboutPage/islamicHistory: 9e1d590a657ed5c3989828340014e80b
    aboutPage/dailyPractices: 24ad84f336272c35d2d595711a11b479
    aboutPage/preciseGrounding: eff82b70b756ed6ffd8aabfee8e70b61
    aboutPage/preciseGroundingDescription: 9a1c09cd166c671167b488950754b6a8
    aboutPage/risaleNurCollection: 057ee1cd3c3de1fe9e514520a084cc27
    aboutPage/classicalHanafi: d3e5fe97d558f18c687b2ec855ddb4df
    aboutPage/sadrAlShariah: 0d376bd2b61eb75d6eb2ac4fa82ac7e4
    aboutPage/hadithCollections: 47983be8f4a0b7407257ac294c7824ab
    aboutPage/tafsirWorks: fa4bbb0a9e483c4aff0b0998198c0567
    aboutPage/urduTexts: 68dd5ba1257ab4d0b3c9b87dcc8201b0
    aboutPage/youtubeChannels: fc12c5d755cb3e7edcc0db9fc756d277
    aboutPage/academicPublications: 485f81f0dba0de2413afffedd124694c
    aboutPage/groundingConclusion: 1d7749c3e416ba62441d2589f0b2dfa7
    aboutPage/multilingualSupport: 206cca9ac4dc6f872af77da392954c28
    aboutPage/multilingualDescription: 0b348e6c22332910348d21183b304193
    aboutPage/askInAnyLanguage: a499125d103c692520f124fb138ac4ad
    aboutPage/receiveInPreferred: 88e811ba7afaba934c994cfb5165988e
    aboutPage/accessSources: 4f7ea8463c208c34ce8494dd480f1c4a
    aboutPage/preserveAuthenticity: 09a5f17aab7d88ac327027f8aa0d9961
    aboutPage/culturalContext: 6b80ebc105ab1c386f3e60a82f409009
    aboutPage/multilingualConclusion: 67a9f86e5d31ce390e19ccffc82f2ec2
    aboutPage/importantDisclaimer: 664d0a62e7a7ff81a026c77fc647b7b7
    aboutPage/disclaimerText: 77c71ff866b0a67a2874132cea263e4e
    aboutPage/ourCommitment: b0ad7481ee0a905d559072e135e68559
    aboutPage/commitmentDescription: be14bc3abb183fcb17b1322d293f88da
    aboutPage/community: aa83f4456d11185e5e72dba3260bf00b
    aboutPage/communityDescription: c077c2a896c56237a528ebcea410fc1a
    citationModal/citationDetails: 17d18ed4979874578f2bc2579429533b
    citationModal/originalText: 410217ddc509898efeb820495032327c
    citationModal/fullText: ca0d60a8ea57b81860eb3903ae1133ac
    citationModal/sourceType: d1ff69af76c687eb189db72030717570
    citationModal/metadata: 695d4f7da261ba76e3be4de495491028
    citationModal/additionalInformation: 8d1fc247855abcb3e1ab7ddbbb742945
    citationModal/aiExplanation: 067a5153db56a20b76bd48be59c7a7a0
    citationModal/analyzingConnection: 1ce203ecd1050659bf28d1ec2775acac
    citationModal/backToResponse: 8a6b20ea3d8d6a492ff599d058238d0a
    citationModal/noTextAvailable: 1e09356a945c9d82b325ceaf0c2540a9
    citationModal/noOriginalTextAvailable: 9724b01ddffb05eed0c76f057b12ab79
    citationModal/noTextFromPdf: c94c1c6e08b43cd59e6533ea2cb7babb
    citationModal/noTranscriptAvailable: a4b97ee0c1f5b728cab4ed294e4e0c74
    citationModal/failedToLoadPdfText: 1a68366b35a341d9d227876cef2eb5d5
    citationModal/failedToLoadYoutubeTranscript: 2bca48844bf695e0066fe7f6ba97e58c
    citationModal/failedToGenerateExplanation: ee93ac4a0127f7e3341ebb6d0dd447f2
    citationModal/relevanceScore: 66531c6f473d7be2882092cabe973ee3
    citationModal/source: 6e87903ef260da661b2bf6d858ba68ca
    citationModal/namespace: 149802f4f530b543678a12cea85bd463
    citationModal/searchQuery: dddc0fefe3628df0092fe2acabea2ad8
    citationModal/volume: 4034983b1fa303e81492ec417029537c
    citationModal/page: 6f2da0f76738dbfc35d203a825df1218
    citationModal/classicalIslamicText: 3104ccaaa406eeade290f9d215c475aa
    citationModal/youtubeVideoPlayer: e83a9eb42b3f3f8e885bf02476093db8
    citationModal/youtubeVideoThumbnail: d01543158a850742f2dbd1d8950bca5f
    citationModal/viewPdf: 8124f935171bda7ce1c6a01f0ab145b6
    citationModal/openInNewTab: 6844e4922a7a40a7ee25c10ea109cdeb
    citationModal/risaleiNurCollection: cd64add57d7854e27fe6a31d23f3a042
    citationModal/author: 7f27e0a04693df3ce263cd7ef649665e
    citationModal/extractedText: 4430a043456c2c8fd510fc0f371c1c6d
    citationModal/sourceLink: ae25eec22ed9c0e1965ea61c9971e81a
    citationModal/url: ca97457614226960d41dd18c3c29c86b
    citationModal/sourceName: 157675beca12efcd8ec512c5256b1a61
    citationModal/alterLink: 5e31e54485d47a5b3577354ab77abad6
    citationModal/id: c8886d38aeea2ed5f785aba4fc96784b
    citationModal/typeLabels/risaleNur: 6815e51b494d11a9604a0f872bc0d0fc
    citationModal/typeLabels/youtube: 8cbe02c3108a0dbe0586dbc18db04efe
    citationModal/typeLabels/classicalSource: a1369e4d48114d6b5d151e2fe7b557d4
    citationModal/typeLabels/modernSource: 0d3e8b2a6daff04047c32869fc08dd85
    citationModal/typeLabels/islamqaFatwa: bd553330b8f4cd0c52ea02a274d50df8
    citationModal/typeLabels/unknownSource: 1607a856b54d9d70a1cffd2b39d88551
    profileModal/profileInformation: 5c261be5e4ff8dff492f301ebc2b70d8
    profileModal/userInformation: bd41c351694de310f4df7acfc4cd18a7
    profileModal/guest: 2aec6d6ebe0d9a1db0a5c8cd5a98b8c3
    profileModal/telegram: 0719cb55ded3146892d106733a8431b2
    profileModal/premium: 31f0731dcc4ad8230d0dd20303dfe53d
    profileModal/language: 277fd1a41cc237a437cd1d5e4a80463b
    profileModal/unknown: 5cd12b882fe90320f93130c1b50e2e32
    profileModal/dmAllowed: fcb1a5ecaa9348c62f792cb631840b52
    profileModal/dmRestricted: 46ef0eab625fb0ad071c49a163a43b48
    profileModal/dm: a408b6e2198a798115b96939b6a0ed9e
    profileModal/accountTypeLimits: 96bc974d2f6386b2f69bec49a457308f
    profileModal/accountType: fe605624dbff1ed3491b2c18eb25a645
    profileModal/guestAccount: 2aec6d6ebe0d9a1db0a5c8cd5a98b8c3
    profileModal/regularAccount: a85e9f646b05a474ec32a9cdbc1ef123
    profileModal/messagesToday: 21767504abea1745407ab06abec69993
    profileModal/telegramUserData: deff2969ef0f898aee6d36dc49c0486e
    profileModal/telegramId: 8029e899e191a1a4bcbc24c385f224ae
    profileModal/username: d572e25ed81420669e65c03925da1001
    profileModal/firstName: f4478c70c28a21c6a185a664c2aa3210
    profileModal/lastName: 8d9fa8ce8b2ce7a8f3a5b93198b3112c
    profileModal/dmAccess: 5700da492818756f9e92a80574835182
    profileModal/profilePhoto: 629f28b2192be333411a4a5ceb0a2bcc
    profileModal/available: 216de63cd5d8bf0bc1cfb470cb2d924b
    profileModal/telegramIntegration: 531930bb7aa7586597e67604dc6383a1
    profileModal/telegramIntegrationDescription: 504c739a15bf06d1be07e2edfe8acbfb
    profileModal/usageStatistics: 557f10b0c7bff0bab4d39a31ad3fdc04
    profileModal/loading: 82b4ea7ed1439094d7c4be13aaba9a66
    profileModal/last24h: 6f4110838ccea301a17b00fe1affe357
    profileModal/total: f60dc0a14e9b1bace656c644de25de5b
    profileModal/days: be91060aa52f40103be636c55c8c50e2
    profileModal/noStatsAvailable: 841795e2e20b9d70a12980c667199681
    profileModal/memberSince: 680491de0fb66a8a0bb501794b9e359c
    profileModal/guestSession: 9d19ddaa432061f08e6a568296097591
    profileModal/guestSessionDescription: 7355529c9daee25f16323877108fc887
    profileModal/yes: ec580fd11a45779b039466f1e35eed2a
    profileModal/no: 8c708225830b06df2d1141c536f2a0d6
    subscriptionModal/dailyLimitReached: ae9be2120013a1404c6e658ac5d438b5
    subscriptionModal/usedMessages: 43bb5eeefdc2deb658e8f101a54b2441
    subscriptionModal/continue: 3cfba90b4600131e82fc4260c568d044
    subscriptionModal/next: 89ddbcf710eba274963494f312bdc8a9
    subscriptionModal/purposeQuestion: 52b9ed24328fd4c00aa94be1985f974d
    subscriptionModal/purposeDescription: fde12fcda8b98dc97adc39ed8cff827a
    subscriptionModal/purposeOptions/quranicVerses: 5ec15ed24ea9f900352e2ce8259f034a
    subscriptionModal/purposeOptions/hadithResearch: 8734a694c986dbd1874d81544437487e
    subscriptionModal/purposeOptions/islamicJurisprudence: 0528b35281e03dd8a3e54787f8451412
    subscriptionModal/purposeOptions/prayerGuidance: dce8f67cfd3fbf407bce625158600498
    subscriptionModal/purposeOptions/islamicHistory: 8b20a7faa1c61f77a547f449cb7b4e49
    subscriptionModal/purposeOptions/halalHaram: 88ce1e7bbb9281bcebbdd0f8c4d7d75f
    subscriptionModal/purposeOptions/islamicFinance: 5580b339dac5f29856a5d9249c36216b
    subscriptionModal/purposeOptions/familyGuidance: 1e2cc69e7ec769f04625f571dff68883
    subscriptionModal/purposeOptions/academicResearch: d6b83c8df6330302522fd2148957ca36
    subscriptionModal/purposeOptions/convertingGuidance: 401d1f5a2a34079abec624885933d00b
    subscriptionModal/purposeOptions/dailyLiving: c7aae27d615245e319e55c919ffae594
    subscriptionModal/purposeOptions/comparativeReligion: fdb494ebb2ea99301271bbe12792a437
    subscriptionModal/backgroundQuestion: 17219941cca49b53036f6607e549918c
    subscriptionModal/backgroundDescription: aba1868d5b523391ec2717bb02f09253
    subscriptionModal/backgroundOptions/muslimSeeking: a3fd391fb16402da1c320ba1ee9defae
    subscriptionModal/backgroundOptions/islamicStudent: bcc89bb0e5340111982dade5df3ef5c0
    subscriptionModal/backgroundOptions/islamicScholar: 8132d80bc8ec53091ed1d983ad4eee73
    subscriptionModal/backgroundOptions/imam: 5368616190f8ac003d9aa2d5dba4ec80
    subscriptionModal/backgroundOptions/academicResearcher: 44656157ee8abb2112e4a51300e35ea5
    subscriptionModal/backgroundOptions/newMuslim: 5af1043168a92a6f9cabf62fe2205586
    subscriptionModal/backgroundOptions/nonMuslim: 04408f810780479782e408b3e2cd5450
    subscriptionModal/backgroundOptions/contentCreator: f18d7902a4932acb3577289667063394
    subscriptionModal/backgroundOptions/financeProf: 0f0e82806a9484cc603bba9ecde7e341
    subscriptionModal/backgroundOptions/chaplain: 0843f8c1cb1d257e59581687c9f780e2
    subscriptionModal/backgroundOptions/parent: b525bdccfececa4a5d3bd9f2f647249c
    subscriptionModal/backgroundOptions/other: 79acaa6cd481262bea4e743a422529d2
    subscriptionModal/betaTitle: 275c32e05e919bd8b256bf856683f732
    subscriptionModal/betaDescription: 024651e702cdb8fe33ab3b07462dc402
    subscriptionModal/supportProject: 4e611bb19093ac7d3d0aac8376e9ca51
    subscriptionModal/usdtLabel: 4f0abacffc5c70c31047d2ae274a2e3a
    subscriptionModal/copy: 627c00d2c850b9b45f7341a6ac01b6bb
    subscriptionModal/joinTelegram: 5bfe55629fdb0ed8e01e8156cdc59688
